
Microsoft Visual Studio Solution File, Format Version 12.00
# Visual Studio Version 16
VisualStudioVersion = 16.0.29509.3
MinimumVisualStudioVersion = 10.0.40219.1
Project("{FAE04EC0-301F-11D3-BF4B-00C04F79EFBC}") = "lb1504", "lb1504.csproj", "{A37D082B-BCBD-4961-B0C4-0937C6437720}"
EndProject
Global
	GlobalSection(SolutionConfigurationPlatforms) = preSolution
		Debug|Any CPU = Debug|Any CPU
		Release|Any CPU = Release|Any CPU
	EndGlobalSection
	GlobalSection(ProjectConfigurationPlatforms) = postSolution
		{A37D082B-BCBD-4961-B0C4-0937C6437720}.Debug|Any CPU.ActiveCfg = Debug|Any CPU
		{A37D082B-BCBD-4961-B0C4-0937C6437720}.Debug|Any CPU.Build.0 = Debug|Any CPU
		{A37D082B-BCBD-4961-B0C4-0937C6437720}.Release|Any CPU.ActiveCfg = Release|Any CPU
		{A37D082B-BCBD-4961-B0C4-0937C6437720}.Release|Any CPU.Build.0 = Release|Any CPU
	EndGlobalSection
	GlobalSection(SolutionProperties) = preSolution
		HideSolutionNode = FALSE
	EndGlobalSection
	GlobalSection(ExtensibilityGlobals) = postSolution
		SolutionGuid = {DBC7B876-E10B-4045-9117-935323FCBF2B}
	EndGlobalSection
EndGlobal
