
Microsoft Visual Studio Solution File, Format Version 12.00
# Visual Studio Version 16
VisualStudioVersion = 16.0.29509.3
MinimumVisualStudioVersion = 10.0.40219.1
Project("{FAE04EC0-301F-11D3-BF4B-00C04F79EFBC}") = "lb0804", "lb0804.csproj", "{F6FF91C6-ADCE-49A6-BDB1-BDB694FACE96}"
EndProject
Global
	GlobalSection(SolutionConfigurationPlatforms) = preSolution
		Debug|Any CPU = Debug|Any CPU
		Release|Any CPU = Release|Any CPU
	EndGlobalSection
	GlobalSection(ProjectConfigurationPlatforms) = postSolution
		{F6FF91C6-ADCE-49A6-BDB1-BDB694FACE96}.Debug|Any CPU.ActiveCfg = Debug|Any CPU
		{F6FF91C6-ADCE-49A6-BDB1-BDB694FACE96}.Debug|Any CPU.Build.0 = Debug|Any CPU
		{F6FF91C6-ADCE-49A6-BDB1-BDB694FACE96}.Release|Any CPU.ActiveCfg = Release|Any CPU
		{F6FF91C6-ADCE-49A6-BDB1-BDB694FACE96}.Release|Any CPU.Build.0 = Release|Any CPU
	EndGlobalSection
	GlobalSection(SolutionProperties) = preSolution
		HideSolutionNode = FALSE
	EndGlobalSection
	GlobalSection(ExtensibilityGlobals) = postSolution
		SolutionGuid = {A8198035-32D4-49AF-B81F-232539D024FB}
	EndGlobalSection
EndGlobal
